PODS:
  - Bolts (1.8.4):
    - Bolts/AppLinks (= 1.8.4)
    - Bolts/Tasks (= 1.8.4)
  - Bolts/AppLinks (1.8.4):
    - Bolts/Tasks
  - Bolts/Tasks (1.8.4)
  - Crashlytics (3.9.3):
    - Fabric (~> 1.7.2)
  - DGActivityIndicatorView (2.1.1)
  - Fabric (1.7.2)
  - FBSDKCoreKit (4.15.1):
    - Bolts (~> 1.7)
  - FBSDKLoginKit (4.15.1):
    - FBSDKCoreKit
  - Firebase/Auth (4.8.0):
    - Firebase/Core
    - FirebaseAuth (= 4.4.1)
  - Firebase/Core (4.8.0):
    - FirebaseAnalytics (= 4.0.5)
    - FirebaseCore (= 4.0.13)
  - Firebase/Database (4.8.0):
    - Firebase/Core
    - FirebaseDatabase (= 4.1.3)
  - Firebase/Messaging (4.8.0):
    - Firebase/Core
    - FirebaseMessaging (= 2.0.8)
  - Firebase/Storage (4.8.0):
    - Firebase/Core
    - FirebaseStorage (= 2.1.1)
  - FirebaseAnalytics (4.0.5):
    - FirebaseCore (~> 4.0)
    - FirebaseInstanceID (~> 2.0)
    - GoogleToolboxForMac/NSData+zlib (~> 2.1)
    - nanopb (~> 0.3)
  - FirebaseAuth (4.4.1):
    - FirebaseAnalytics (~> 4.0)
    - GoogleToolboxForMac/NSDictionary+URLArguments (~> 2.1)
    - GTMSessionFetcher/Core (~> 1.1)
  - FirebaseCore (4.0.13):
    - GoogleToolboxForMac/NSData+zlib (~> 2.1)
  - FirebaseDatabase (4.1.3):
    - FirebaseAnalytics (~> 4.0)
    - FirebaseCore (~> 4.0)
    - leveldb-library (~> 1.18)
  - FirebaseInstanceID (2.0.8):
    - FirebaseCore (~> 4.0)
  - FirebaseMessaging (2.0.8):
    - FirebaseAnalytics (~> 4.0)
    - FirebaseCore (~> 4.0)
    - FirebaseInstanceID (~> 2.0)
    - GoogleToolboxForMac/Logger (~> 2.1)
    - Protobuf (~> 3.1)
  - FirebaseStorage (2.1.1):
    - FirebaseAnalytics (~> 4.0)
    - FirebaseCore (~> 4.0)
    - GTMSessionFetcher/Core (~> 1.1)
  - GoogleMaps (2.5.0):
    - GoogleMaps/Maps (= 2.5.0)
  - GoogleMaps/Base (2.5.0)
  - GoogleMaps/Maps (2.5.0):
    - GoogleMaps/Base
  - GooglePlacePicker (2.5.0):
    - GoogleMaps (= 2.5.0)
    - GooglePlaces (= 2.5.0)
  - GooglePlaces (2.5.0):
    - GoogleMaps/Base (= 2.5.0)
  - GoogleSignIn (4.1.1):
    - GoogleToolboxForMac/NSDictionary+URLArguments (~> 2.1)
    - GoogleToolboxForMac/NSString+URLArguments (~> 2.1)
    - GTMOAuth2 (~> 1.0)
    - GTMSessionFetcher/Core (~> 1.1)
  - GoogleToolboxForMac/DebugUtils (2.1.3):
    - GoogleToolboxForMac/Defines (= 2.1.3)
  - GoogleToolboxForMac/Defines (2.1.3)
  - GoogleToolboxForMac/Logger (2.1.3):
    - GoogleToolboxForMac/Defines (= 2.1.3)
  - GoogleToolboxForMac/NSData+zlib (2.1.3):
    - GoogleToolboxForMac/Defines (= 2.1.3)
  - GoogleToolboxForMac/NSDictionary+URLArguments (2.1.3):
    - GoogleToolboxForMac/DebugUtils (= 2.1.3)
    - GoogleToolboxForMac/Defines (= 2.1.3)
    - GoogleToolboxForMac/NSString+URLArguments (= 2.1.3)
  - GoogleToolboxForMac/NSString+URLArguments (2.1.3)
  - GTMOAuth2 (1.1.6):
    - GTMSessionFetcher (~> 1.1)
  - GTMSessionFetcher (1.1.12):
    - GTMSessionFetcher/Full (= 1.1.12)
  - GTMSessionFetcher/Core (1.1.12)
  - GTMSessionFetcher/Full (1.1.12):
    - GTMSessionFetcher/Core (= 1.1.12)
  - IQKeyboardManager (5.0.7)
  - leveldb-library (1.20)
  - nanopb (0.3.8):
    - nanopb/decode (= 0.3.8)
    - nanopb/encode (= 0.3.8)
  - nanopb/decode (0.3.8)
  - nanopb/encode (0.3.8)
  - Protobuf (3.5.0)
  - PubNub (4.7.5):
    - PubNub/Core (= 4.7.5)
  - PubNub/Core (4.7.5)
  - RMActionController (1.0.5)
  - RMDateSelectionViewController (2.0.3):
    - RMActionController (~> 1.0.5)
  - SDWebImage (3.8.2):
    - SDWebImage/Core (= 3.8.2)
  - SDWebImage/Core (3.8.2)
  - SplunkMint (5.2.2)
  - Stripe (11.5.0)
  - TwitterCore (3.0.3)
  - TwitterKit (3.2.2):
    - TwitterCore (>= 3.0.3)

DEPENDENCIES:
  - Crashlytics
  - DGActivityIndicatorView
  - Fabric
  - FBSDKCoreKit (~> 4.15.1)
  - FBSDKLoginKit (~> 4.15.1)
  - Firebase/Auth
  - Firebase/Core
  - Firebase/Database
  - Firebase/Messaging
  - Firebase/Storage
  - GoogleMaps
  - GooglePlacePicker
  - GooglePlaces
  - GoogleSignIn
  - IQKeyboardManager
  - PubNub
  - RMDateSelectionViewController (~> 2.0.3)
  - SDWebImage (~> 3.8)
  - SplunkMint
  - Stripe
  - TwitterCore (~> 3.0.3)
  - TwitterKit (~> 3.2.2)

SPEC CHECKSUMS:
  Bolts: 8a7995239dbe724f9cba2248b766d48b7ebdd322
  Crashlytics: dbb07d01876c171c5ccbdf7826410380189e452c
  DGActivityIndicatorView: ff2c76073d79692f724863c8dd38685866a03cb6
  Fabric: 9cd6a848efcf1b8b07497e0b6a2e7d336353ba15
  FBSDKCoreKit: fc7fa53d16b095ee3fd53f0cd59f1df8bcbb634d
  FBSDKLoginKit: 073f79b3b2e762fc6f54a283fe15f45372d59f5f
  Firebase: 710decbbc6d9d48530e9a5dba3209740c3532e05
  FirebaseAnalytics: 5b02a63ead2c3f0259cfc7f15e053e440587ecf8
  FirebaseAuth: dc0dd403beca5b2b016aac89c2d0b8dad1c81926
  FirebaseCore: 3c02ec652db3d03fdc8bc6d9154af3e20d64b6f5
  FirebaseDatabase: 7088bfc4af2cc00231bb36e1404fc2d7509eb4dc
  FirebaseInstanceID: 81df5805a08001e69138664bdd02c6719a9ac80f
  FirebaseMessaging: dfdcd307c2382290a1e297a81d0f18370f5b1bcd
  FirebaseStorage: ab08d1c93a2feffa038fdd6693088b310ab1e6c6
  GoogleMaps: c087b8e5dfe87ca6ebf59adb9b4894a4146bec4f
  GooglePlacePicker: 1573e644ab54564d95c2643edc0f29091609e966
  GooglePlaces: dd70d9d71ea1c7944846afe67de3712c99b30a77
  GoogleSignIn: 3fdaa34a2ba04dbd7a25d7db39aecb0da98d5bdc
  GoogleToolboxForMac: 2501e2ad72a52eb3dfe7bd9aee7dad11b858bd20
  GTMOAuth2: c77fe325e4acd453837e72d91e3b5f13116857b2
  GTMSessionFetcher: ebaa1f79a5366922c1735f1566901f50beba23b7
  IQKeyboardManager: 0bfa4607d39924116b5c0c8b55b5d789288b5cba
  leveldb-library: 08cba283675b7ed2d99629a4bc5fd052cd2bb6a5
  nanopb: 5601e6bca2dbf1ed831b519092ec110f66982ca3
  Protobuf: 8a9838fba8dae3389230e1b7f8c104aa32389c03
  PubNub: b4a22853f971e630a4ef828d8d2c5af63f208f6b
  RMActionController: b83653e7452ed51492094d65dc82151c36443c03
  RMDateSelectionViewController: 354a0f1fe40bac01054528b7a8735f2973bbd813
  SDWebImage: 098e97e6176540799c27e804c96653ee0833d13c
  SplunkMint: 8c22ce314fd7a36ee584f2e40d239e19d9fa174d
  Stripe: 10761682d20dc491c52287393c800db056c9748d
  TwitterCore: 549c74ed5f3d6134392dc944c6d215e233e50ad8
  TwitterKit: b9feccfc70bef86fe389c06a63a72fed9f020b9c

PODFILE CHECKSUM: f552cc899449f96145c27e65f0eed79c02381089

COCOAPODS: 1.3.1
